<?xml version="1.0" encoding="utf-8"?>
<Project ToolsVersion="4.0" xmlns="http://schemas.microsoft.com/developer/msbuild/2003">
  <ItemGroup>
    <Filter Include="Headers">
      <UniqueIdentifier>{67DA6AB6-F800-4c08-8B7A-83BB121AAD01}</UniqueIdentifier>
      <Extensions>rc;ico;cur;bmp;dlg;rc2;rct;bin;rgs;gif;jpg;jpeg;jpe;resx;tiff;tif;png;wav;mfcribbon-ms</Extensions>
    </Filter>
    <Filter Include="Headers\Gameplay">
      <UniqueIdentifier>{3319a8ef-d3ca-4df4-b182-820673e5a542}</UniqueIdentifier>
    </Filter>
    <Filter Include="Headers\Net">
      <UniqueIdentifier>{df4f3c26-0094-4db6-ae23-69647640816b}</UniqueIdentifier>
    </Filter>
    <Filter Include="Headers\Unreal">
      <UniqueIdentifier>{f2f19a8a-b7c0-48c8-bbad-f11637c97715}</UniqueIdentifier>
    </Filter>
    <Filter Include="Headers\Util">
      <UniqueIdentifier>{38294f1b-4eb2-4525-93e1-b504cf8f1fe8}</UniqueIdentifier>
    </Filter>
    <Filter Include="Source">
      <UniqueIdentifier>{4FC737F1-C7A5-4376-A066-2A32D752A2FF}</UniqueIdentifier>
      <Extensions>cpp;c;cc;cxx;c++;cppm;ixx;def;odl;idl;hpj;bat;asm;asmx</Extensions>
    </Filter>
    <Filter Include="Source\Util">
      <UniqueIdentifier>{73e799bb-ac5b-4257-bf91-566e2a17fb6a}</UniqueIdentifier>
    </Filter>
    <Filter Include="Source\Gameplay">
      <UniqueIdentifier>{e0dc3b76-ebe1-45a1-82f5-5167af3a9fc3}</UniqueIdentifier>
    </Filter>
    <Filter Include="Source\Net">
      <UniqueIdentifier>{1f905840-ed63-457e-8cdf-7967d15172af}</UniqueIdentifier>
    </Filter>
    <Filter Include="Source\Unreal">
      <UniqueIdentifier>{fcfcaf89-6ca6-430b-8d68-b67271cb6685}</UniqueIdentifier>
    </Filter>
    <Filter Include="Third Party">
      <UniqueIdentifier>{462f4df8-eaa8-4c98-b4a1-f24f3676fd30}</UniqueIdentifier>
    </Filter>
    <Filter Include="Third Party\ImGui">
      <UniqueIdentifier>{789ce21c-00a5-4223-b304-754d2965ff09}</UniqueIdentifier>
    </Filter>
  </ItemGroup>
  <ItemGroup>
    <ClCompile Include="dllmain.cpp">
      <Filter>Source</Filter>
    </ClCompile>
    <ClCompile Include="gui.cpp">
      <Filter>Source</Filter>
    </ClCompile>
    <ClCompile Include="loot.cpp">
      <Filter>Source\Gameplay</Filter>
    </ClCompile>
    <ClCompile Include="interaction.cpp">
      <Filter>Source\Gameplay</Filter>
    </ClCompile>
    <ClCompile Include="harvesting.cpp">
      <Filter>Source\Gameplay</Filter>
    </ClCompile>
    <ClCompile Include="inventory.cpp">
      <Filter>Source\Gameplay</Filter>
    </ClCompile>
    <ClCompile Include="server.cpp">
      <Filter>Source\Net</Filter>
    </ClCompile>
    <ClCompile Include="structs.cpp">
      <Filter>Source\Unreal</Filter>
    </ClCompile>
    <ClCompile Include="log.cpp">
      <Filter>Source\Util</Filter>
    </ClCompile>
    <ClCompile Include="helper.cpp">
      <Filter>Source\Util</Filter>
    </ClCompile>
    <ClCompile Include="abilities.cpp">
      <Filter>Source\Gameplay</Filter>
    </ClCompile>
    <ClCompile Include="mem.cpp">
      <Filter>Source\Util</Filter>
    </ClCompile>
    <ClCompile Include="build.cpp">
      <Filter>Source\Gameplay</Filter>
    </ClCompile>
    <ClCompile Include="processevent.cpp">
      <Filter>Source\Unreal</Filter>
    </ClCompile>
    <ClCompile Include="mem.h">
      <Filter>Headers\Util</Filter>
    </ClCompile>
    <ClCompile Include="edit.cpp">
      <Filter>Source\Gameplay</Filter>
    </ClCompile>
    <ClCompile Include="calendar.h">
      <Filter>Headers\Gameplay</Filter>
    </ClCompile>
    <ClCompile Include="calendar.cpp">
      <Filter>Source\Gameplay</Filter>
    </ClCompile>
    <ClCompile Include="events.cpp">
      <Filter>Source\Gameplay</Filter>
    </ClCompile>
    <ClCompile Include="teams.cpp">
      <Filter>Source\Gameplay</Filter>
    </ClCompile>
    <ClCompile Include="datatables.cpp">
      <Filter>Source\Unreal</Filter>
    </ClCompile>
    <ClCompile Include="zone.cpp">
      <Filter>Source\Gameplay</Filter>
    </ClCompile>
    <ClCompile Include="discord.cpp">
      <Filter>Source</Filter>
    </ClCompile>
    <ClCompile Include="..\other\inc\ImGui\imgui.cpp">
      <Filter>Third Party\ImGui</Filter>
    </ClCompile>
    <ClCompile Include="..\other\inc\ImGui\imgui_demo.cpp">
      <Filter>Third Party\ImGui</Filter>
    </ClCompile>
    <ClCompile Include="..\other\inc\ImGui\imgui_draw.cpp">
      <Filter>Third Party\ImGui</Filter>
    </ClCompile>
    <ClCompile Include="..\other\inc\ImGui\imgui_impl_dx9.cpp">
      <Filter>Third Party\ImGui</Filter>
    </ClCompile>
    <ClCompile Include="..\other\inc\ImGui\imgui_impl_win32.cpp">
      <Filter>Third Party\ImGui</Filter>
    </ClCompile>
    <ClCompile Include="..\other\inc\ImGui\imgui_stdlib.cpp">
      <Filter>Third Party\ImGui</Filter>
    </ClCompile>
    <ClCompile Include="..\other\inc\ImGui\imgui_tables.cpp">
      <Filter>Third Party\ImGui</Filter>
    </ClCompile>
    <ClCompile Include="..\other\inc\ImGui\imgui_widgets.cpp">
      <Filter>Third Party\ImGui</Filter>
    </ClCompile>
    <ClCompile Include="replication.cpp">
      <Filter>Source\Net</Filter>
    </ClCompile>
    <ClCompile Include="ai.cpp">
      <Filter>Source\Gameplay</Filter>
    </ClCompile>
    <ClCompile Include="moderation.cpp">
      <Filter>Source\Net</Filter>
    </ClCompile>
  </ItemGroup>
  <ItemGroup>
    <ClInclude Include="gui.h">
      <Filter>Headers</Filter>
    </ClInclude>
    <ClInclude Include="loot.h">
      <Filter>Headers\Gameplay</Filter>
    </ClInclude>
    <ClInclude Include="interaction.h">
      <Filter>Headers\Gameplay</Filter>
    </ClInclude>
    <ClInclude Include="harvesting.h">
      <Filter>Headers\Gameplay</Filter>
    </ClInclude>
    <ClInclude Include="inventory.h">
      <Filter>Headers\Gameplay</Filter>
    </ClInclude>
    <ClInclude Include="patterns.h">
      <Filter>Headers</Filter>
    </ClInclude>
    <ClInclude Include="server.h">
      <Filter>Headers\Net</Filter>
    </ClInclude>
    <ClInclude Include="definitions.h">
      <Filter>Headers</Filter>
    </ClInclude>
    <ClInclude Include="structs.h">
      <Filter>Headers\Unreal</Filter>
    </ClInclude>
    <ClInclude Include="abilities.h">
      <Filter>Headers\Gameplay</Filter>
    </ClInclude>
    <ClInclude Include="enums.h">
      <Filter>Headers\Unreal</Filter>
    </ClInclude>
    <ClInclude Include="build.h">
      <Filter>Headers\Gameplay</Filter>
    </ClInclude>
    <ClInclude Include="processevent.h">
      <Filter>Headers\Unreal</Filter>
    </ClInclude>
    <ClInclude Include="helper.h">
      <Filter>Headers\Util</Filter>
    </ClInclude>
    <ClInclude Include="log.h">
      <Filter>Headers\Util</Filter>
    </ClInclude>
    <ClInclude Include="edit.h">
      <Filter>Headers\Gameplay</Filter>
    </ClInclude>
    <ClInclude Include="events.h">
      <Filter>Headers\Gameplay</Filter>
    </ClInclude>
    <ClInclude Include="team.h">
      <Filter>Headers\Gameplay</Filter>
    </ClInclude>
    <ClInclude Include="datatables.h">
      <Filter>Headers\Unreal</Filter>
    </ClInclude>
    <ClInclude Include="zone.h">
      <Filter>Headers\Gameplay</Filter>
    </ClInclude>
    <ClInclude Include="discord.h">
      <Filter>Headers</Filter>
    </ClInclude>
    <ClInclude Include="fontawesome.h">
      <Filter>Third Party</Filter>
    </ClInclude>
    <ClInclude Include="replication.h">
      <Filter>Headers\Net</Filter>
    </ClInclude>
    <ClInclude Include="ai.h">
      <Filter>Headers\Gameplay</Filter>
    </ClInclude>
    <ClInclude Include="memcury.h">
      <Filter>Headers\Util</Filter>
    </ClInclude>
    <ClInclude Include="moderation.h">
      <Filter>Headers\Net</Filter>
    </ClInclude>
    <ClInclude Include="json.hpp">
      <Filter>Third Party</Filter>
    </ClInclude>
  </ItemGroup>
</Project>